// !$*UTF8*$!
{
	archiveVersion = 1;
	classes = {
	};
	objectVersion = 50;
	objects = {

/* Begin PBXBuildFile section */
		111507B826AB1107004FD8FD /* AppDelegate.swift in Sources */ = {isa = PBXBuildFile; fileRef = 111507B726AB1107004FD8FD /* AppDelegate.swift */; };
		111507EF26AB121B004FD8FD /* Address.swift in Sources */ = {isa = PBXBuildFile; fileRef = 111507EE26AB121B004FD8FD /* Address.swift */; };
		111507F026AB121B004FD8FD /* Comment.swift in Sources */ = {isa = PBXBuildFile; fileRef = 111507EB26AB121B004FD8FD /* Comment.swift */; };
		111507F126AB121B004FD8FD /* Company.swift in Sources */ = {isa = PBXBuildFile; fileRef = 111507EC26AB121B004FD8FD /* Company.swift */; };
		111507F226AB121B004FD8FD /* Post.swift in Sources */ = {isa = PBXBuildFile; fileRef = 111507ED26AB121B004FD8FD /* Post.swift */; };
		111507F326AB121B004FD8FD /* User.swift in Sources */ = {isa = PBXBuildFile; fileRef = 111507EA26AB121B004FD8FD /* User.swift */; };
		111507FA26AB122E004FD8FD /* Endpoint.swift in Sources */ = {isa = PBXBuildFile; fileRef = 111507F826AB122E004FD8FD /* Endpoint.swift */; };
		111507FB26AB122E004FD8FD /* NetworkManager.swift in Sources */ = {isa = PBXBuildFile; fileRef = 111507F926AB122E004FD8FD /* NetworkManager.swift */; };
		1165524726AB127E007C9DE3 /* PostListVC.swift in Sources */ = {isa = PBXBuildFile; fileRef = 1165524526AB127E007C9DE3 /* PostListVC.swift */; };
		1165524826AB127E007C9DE3 /* PostVC.swift in Sources */ = {isa = PBXBuildFile; fileRef = 1165524626AB127E007C9DE3 /* PostVC.swift */; };
		1165524926AB127E007C9DE3 /* NewPostVC.swift in Sources */ = {isa = PBXBuildFile; fileRef = 1165524326AB127E007C9DE3 /* NewPostVC.swift */; };
		11AB6EA626AB12D800A8ED62 /* PostCell.swift in Sources */ = {isa = PBXBuildFile; fileRef = 11AB6E9E26AB12C300A8ED62 /* PostCell.swift */; };
		11AB6EA726AB12D800A8ED62 /* CommentCell.swift in Sources */ = {isa = PBXBuildFile; fileRef = 11AB6EA126AB12C300A8ED62 /* CommentCell.swift */; };
/* End PBXBuildFile section */

/* Begin PBXFileReference section */
		111507B426AB1107004FD8FD /* SocialApp-ProgrammaticUI.app */ = {isa = PBXFileReference; explicitFileType = wrapper.application; includeInIndex = 0; path = "SocialApp-ProgrammaticUI.app"; sourceTree = BUILT_PRODUCTS_DIR; };
		111507B726AB1107004FD8FD /* AppDelegate.swift */ = {isa = PBXFileReference; lastKnownFileType = sourcecode.swift; path = AppDelegate.swift; sourceTree = "<group>"; };
		111507E726AB11E9004FD8FD /* Assets.xcassets */ = {isa = PBXFileReference; lastKnownFileType = folder.assetcatalog; path = Assets.xcassets; sourceTree = "<group>"; };
		111507EA26AB121B004FD8FD /* User.swift */ = {isa = PBXFileReference; lastKnownFileType = sourcecode.swift; path = User.swift; sourceTree = "<group>"; };
		111507EB26AB121B004FD8FD /* Comment.swift */ = {isa = PBXFileReference; lastKnownFileType = sourcecode.swift; path = Comment.swift; sourceTree = "<group>"; };
		111507EC26AB121B004FD8FD /* Company.swift */ = {isa = PBXFileReference; lastKnownFileType = sourcecode.swift; path = Company.swift; sourceTree = "<group>"; };
		111507ED26AB121B004FD8FD /* Post.swift */ = {isa = PBXFileReference; lastKnownFileType = sourcecode.swift; path = Post.swift; sourceTree = "<group>"; };
		111507EE26AB121B004FD8FD /* Address.swift */ = {isa = PBXFileReference; lastKnownFileType = sourcecode.swift; path = Address.swift; sourceTree = "<group>"; };
		111507F826AB122E004FD8FD /* Endpoint.swift */ = {isa = PBXFileReference; lastKnownFileType = sourcecode.swift; path = Endpoint.swift; sourceTree = "<group>"; };
		111507F926AB122E004FD8FD /* NetworkManager.swift */ = {isa = PBXFileReference; lastKnownFileType = sourcecode.swift; path = NetworkManager.swift; sourceTree = "<group>"; };
		1115080126AB1243004FD8FD /* Base */ = {isa = PBXFileReference; lastKnownFileType = file.storyboard; name = Base; path = LaunchScreen.storyboard; sourceTree = "<group>"; };
		1115080226AB1243004FD8FD /* Info.plist */ = {isa = PBXFileReference; lastKnownFileType = text.plist.xml; path = Info.plist; sourceTree = "<group>"; };
		1165524326AB127E007C9DE3 /* NewPostVC.swift */ = {isa = PBXFileReference; lastKnownFileType = sourcecode.swift; path = NewPostVC.swift; sourceTree = "<group>"; };
		1165524526AB127E007C9DE3 /* PostListVC.swift */ = {isa = PBXFileReference; lastKnownFileType = sourcecode.swift; path = PostListVC.swift; sourceTree = "<group>"; };
		1165524626AB127E007C9DE3 /* PostVC.swift */ = {isa = PBXFileReference; lastKnownFileType = sourcecode.swift; path = PostVC.swift; sourceTree = "<group>"; };
		11AB6E9E26AB12C300A8ED62 /* PostCell.swift */ = {isa = PBXFileReference; lastKnownFileType = sourcecode.swift; path = PostCell.swift; sourceTree = "<group>"; };
		11AB6EA126AB12C300A8ED62 /* CommentCell.swift */ = {isa = PBXFileReference; lastKnownFileType = sourcecode.swift; path = CommentCell.swift; sourceTree = "<group>"; };
/* End PBXFileReference section */

/* Begin PBXFrameworksBuildPhase section */
		111507B126AB1107004FD8FD /* Frameworks */ = {
			isa = PBXFrameworksBuildPhase;
			buildActionMask = 2147483647;
			files = (
			);
			runOnlyForDeploymentPostprocessing = 0;
		};
/* End PBXFrameworksBuildPhase section */

/* Begin PBXGroup section */
		111507AB26AB1107004FD8FD = {
			isa = PBXGroup;
			children = (
				111507B626AB1107004FD8FD /* SocialApp-ProgrammaticUI */,
				111507B526AB1107004FD8FD /* Products */,
			);
			sourceTree = "<group>";
		};
		111507B526AB1107004FD8FD /* Products */ = {
			isa = PBXGroup;
			children = (
				111507B426AB1107004FD8FD /* SocialApp-ProgrammaticUI.app */,
			);
			name = Products;
			sourceTree = "<group>";
		};
		111507B626AB1107004FD8FD /* SocialApp-ProgrammaticUI */ = {
			isa = PBXGroup;
			children = (
				11AB6EA326AB12C800A8ED62 /* Views */,
				111507FF26AB1243004FD8FD /* Base.lproj */,
				1115080226AB1243004FD8FD /* Info.plist */,
				111507FE26AB1236004FD8FD /* Network */,
				111507F626AB1224004FD8FD /* Models */,
				111507E726AB11E9004FD8FD /* Assets.xcassets */,
				111507B726AB1107004FD8FD /* AppDelegate.swift */,
			);
			path = "SocialApp-ProgrammaticUI";
			sourceTree = "<group>";
		};
		111507F626AB1224004FD8FD /* Models */ = {
			isa = PBXGroup;
			children = (
				111507EE26AB121B004FD8FD /* Address.swift */,
				111507EB26AB121B004FD8FD /* Comment.swift */,
				111507EC26AB121B004FD8FD /* Company.swift */,
				111507ED26AB121B004FD8FD /* Post.swift */,
				111507EA26AB121B004FD8FD /* User.swift */,
			);
			path = Models;
			sourceTree = "<group>";
		};
		111507FE26AB1236004FD8FD /* Network */ = {
			isa = PBXGroup;
			children = (
				111507F826AB122E004FD8FD /* Endpoint.swift */,
				111507F926AB122E004FD8FD /* NetworkManager.swift */,
			);
			path = Network;
			sourceTree = "<group>";
		};
		111507FF26AB1243004FD8FD /* Base.lproj */ = {
			isa = PBXGroup;
			children = (
				1115080026AB1243004FD8FD /* LaunchScreen.storyboard */,
			);
			path = Base.lproj;
			sourceTree = "<group>";
		};
		11AB6EA326AB12C800A8ED62 /* Views */ = {
			isa = PBXGroup;
			children = (
				11AB6EA126AB12C300A8ED62 /* CommentCell.swift */,
				11AB6E9E26AB12C300A8ED62 /* PostCell.swift */,
				1165524326AB127E007C9DE3 /* NewPostVC.swift */,
				1165524526AB127E007C9DE3 /* PostListVC.swift */,
				1165524626AB127E007C9DE3 /* PostVC.swift */,
			);
			path = Views;
			sourceTree = "<group>";
		};
/* End PBXGroup section */

/* Begin PBXNativeTarget section */
		111507B326AB1107004FD8FD /* SocialApp-ProgrammaticUI */ = {
			isa = PBXNativeTarget;
			buildConfigurationList = 111507C826AB110A004FD8FD /* Build configuration list for PBXNativeTarget "SocialApp-ProgrammaticUI" */;
			buildPhases = (
				111507B026AB1107004FD8FD /* Sources */,
				111507B126AB1107004FD8FD /* Frameworks */,
				111507B226AB1107004FD8FD /* Resources */,
			);
			buildRules = (
			);
			dependencies = (
			);
			name = "SocialApp-ProgrammaticUI";
			productName = "SocialApp-ProgrammaticUI";
			productReference = 111507B426AB1107004FD8FD /* SocialApp-ProgrammaticUI.app */;
			productType = "com.apple.product-type.application";
		};
/* End PBXNativeTarget section */

/* Begin PBXProject section */
		111507AC26AB1107004FD8FD /* Project object */ = {
			isa = PBXProject;
			attributes = {
				LastSwiftUpdateCheck = 1240;
				LastUpgradeCheck = 1240;
				TargetAttributes = {
					111507B326AB1107004FD8FD = {
						CreatedOnToolsVersion = 12.4;
					};
				};
			};
			buildConfigurationList = 111507AF26AB1107004FD8FD /* Build configuration list for PBXProject "SocialApp-ProgrammaticUI" */;
			compatibilityVersion = "Xcode 9.3";
			developmentRegion = en;
			hasScannedForEncodings = 0;
			knownRegions = (
				en,
				Base,
			);
			mainGroup = 111507AB26AB1107004FD8FD;
			productRefGroup = 111507B526AB1107004FD8FD /* Products */;
			projectDirPath = "";
			projectRoot = "";
			targets = (
				111507B326AB1107004FD8FD /* SocialApp-ProgrammaticUI */,
			);
		};
/* End PBXProject section */

/* Begin PBXResourcesBuildPhase section */
		111507B226AB1107004FD8FD /* Resources */ = {
			isa = PBXResourcesBuildPhase;
			buildActionMask = 2147483647;
			files = (
			);
			runOnlyForDeploymentPostprocessing = 0;
		};
/* End PBXResourcesBuildPhase section */

/* Begin PBXSourcesBuildPhase section */
		111507B026AB1107004FD8FD /* Sources */ = {
			isa = PBXSourcesBuildPhase;
			buildActionMask = 2147483647;
			files = (
				11AB6EA726AB12D800A8ED62 /* CommentCell.swift in Sources */,
				111507FB26AB122E004FD8FD /* NetworkManager.swift in Sources */,
				1165524726AB127E007C9DE3 /* PostListVC.swift in Sources */,
				111507B826AB1107004FD8FD /* AppDelegate.swift in Sources */,
				111507F126AB121B004FD8FD /* Company.swift in Sources */,
				1165524926AB127E007C9DE3 /* NewPostVC.swift in Sources */,
				111507F026AB121B004FD8FD /* Comment.swift in Sources */,
				1165524826AB127E007C9DE3 /* PostVC.swift in Sources */,
				111507EF26AB121B004FD8FD /* Address.swift in Sources */,
				111507F226AB121B004FD8FD /* Post.swift in Sources */,
				111507FA26AB122E004FD8FD /* Endpoint.swift in Sources */,
				111507F326AB121B004FD8FD /* User.swift in Sources */,
				11AB6EA626AB12D800A8ED62 /* PostCell.swift in Sources */,
			);
			runOnlyForDeploymentPostprocessing = 0;
		};
/* End PBXSourcesBuildPhase section */

/* Begin PBXVariantGroup section */
		1115080026AB1243004FD8FD /* LaunchScreen.storyboard */ = {
			isa = PBXVariantGroup;
			children = (
				1115080126AB1243004FD8FD /* Base */,
			);
			name = LaunchScreen.storyboard;
			sourceTree = "<group>";
		};
/* End PBXVariantGroup section */

/* Begin XCBuildConfiguration section */
		111507C626AB110A004FD8FD /* Debug */ = {
			isa = XCBuildConfiguration;
			buildSettings = {
				ALWAYS_SEARCH_USER_PATHS = NO;
				CLANG_ANALYZER_NONNULL = YES;
				CLANG_ANALYZER_NUMBER_OBJECT_CONVERSION = YES_AGGRESSIVE;
				CLANG_CXX_LANGUAGE_STANDARD = "gnu++14";
				CLANG_CXX_LIBRARY = "libc++";
				CLANG_ENABLE_MODULES = YES;
				CLANG_ENABLE_OBJC_ARC = YES;
				CLANG_ENABLE_OBJC_WEAK = YES;
				CLANG_WARN_BLOCK_CAPTURE_AUTORELEASING = YES;
				CLANG_WARN_BOOL_CONVERSION = YES;
				CLANG_WARN_COMMA = YES;
				CLANG_WARN_CONSTANT_CONVERSION = YES;
				CLANG_WARN_DEPRECATED_OBJC_IMPLEMENTATIONS = YES;
				CLANG_WARN_DIRECT_OBJC_ISA_USAGE = YES_ERROR;
				CLANG_WARN_DOCUMENTATION_COMMENTS = YES;
				CLANG_WARN_EMPTY_BODY = YES;
				CLANG_WARN_ENUM_CONVERSION = YES;
				CLANG_WARN_INFINITE_RECURSION = YES;
				CLANG_WARN_INT_CONVERSION = YES;
				CLANG_WARN_NON_LITERAL_NULL_CONVERSION = YES;
				CLANG_WARN_OBJC_IMPLICIT_RETAIN_SELF = YES;
				CLANG_WARN_OBJC_LITERAL_CONVERSION = YES;
				CLANG_WARN_OBJC_ROOT_CLASS = YES_ERROR;
				CLANG_WARN_QUOTED_INCLUDE_IN_FRAMEWORK_HEADER = YES;
				CLANG_WARN_RANGE_LOOP_ANALYSIS = YES;
				CLANG_WARN_STRICT_PROTOTYPES = YES;
				CLANG_WARN_SUSPICIOUS_MOVE = YES;
				CLANG_WARN_UNGUARDED_AVAILABILITY = YES_AGGRESSIVE;
				CLANG_WARN_UNREACHABLE_CODE = YES;
				CLANG_WARN__DUPLICATE_METHOD_MATCH = YES;
				COPY_PHASE_STRIP = NO;
				DEBUG_INFORMATION_FORMAT = dwarf;
				ENABLE_STRICT_OBJC_MSGSEND = YES;
				ENABLE_TESTABILITY = YES;
				GCC_C_LANGUAGE_STANDARD = gnu11;
				GCC_DYNAMIC_NO_PIC = NO;
				GCC_NO_COMMON_BLOCKS = YES;
				GCC_OPTIMIZATION_LEVEL = 0;
				GCC_PREPROCESSOR_DEFINITIONS = (
					"DEBUG=1",
					"$(inherited)",
				);
				GCC_WARN_64_TO_32_BIT_CONVERSION = YES;
				GCC_WARN_ABOUT_RETURN_TYPE = YES_ERROR;
				GCC_WARN_UNDECLARED_SELECTOR = YES;
				GCC_WARN_UNINITIALIZED_AUTOS = YES_AGGRESSIVE;
				GCC_WARN_UNUSED_FUNCTION = YES;
				GCC_WARN_UNUSED_VARIABLE = YES;
				IPHONEOS_DEPLOYMENT_TARGET = 14.4;
				MTL_ENABLE_DEBUG_INFO = INCLUDE_SOURCE;
				MTL_FAST_MATH = YES;
				ONLY_ACTIVE_ARCH = YES;
				SDKROOT = iphoneos;
				SWIFT_ACTIVE_COMPILATION_CONDITIONS = DEBUG;
				SWIFT_OPTIMIZATION_LEVEL = "-Onone";
			};
			name = Debug;
		};
		111507C726AB110A004FD8FD /* Release */ = {
			isa = XCBuildConfiguration;
			buildSettings = {
				ALWAYS_SEARCH_USER_PATHS = NO;
				CLANG_ANALYZER_NONNULL = YES;
				CLANG_ANALYZER_NUMBER_OBJECT_CONVERSION = YES_AGGRESSIVE;
				CLANG_CXX_LANGUAGE_STANDARD = "gnu++14";
				CLANG_CXX_LIBRARY = "libc++";
				CLANG_ENABLE_MODULES = YES;
				CLANG_ENABLE_OBJC_ARC = YES;
				CLANG_ENABLE_OBJC_WEAK = YES;
				CLANG_WARN_BLOCK_CAPTURE_AUTORELEASING = YES;
				CLANG_WARN_BOOL_CONVERSION = YES;
				CLANG_WARN_COMMA = YES;
				CLANG_WARN_CONSTANT_CONVERSION = YES;
				CLANG_WARN_DEPRECATED_OBJC_IMPLEMENTATIONS = YES;
				CLANG_WARN_DIRECT_OBJC_ISA_USAGE = YES_ERROR;
				CLANG_WARN_DOCUMENTATION_COMMENTS = YES;
				CLANG_WARN_EMPTY_BODY = YES;
				CLANG_WARN_ENUM_CONVERSION = YES;
				CLANG_WARN_INFINITE_RECURSION = YES;
				CLANG_WARN_INT_CONVERSION = YES;
				CLANG_WARN_NON_LITERAL_NULL_CONVERSION = YES;
				CLANG_WARN_OBJC_IMPLICIT_RETAIN_SELF = YES;
				CLANG_WARN_OBJC_LITERAL_CONVERSION = YES;
				CLANG_WARN_OBJC_ROOT_CLASS = YES_ERROR;
				CLANG_WARN_QUOTED_INCLUDE_IN_FRAMEWORK_HEADER = YES;
				CLANG_WARN_RANGE_LOOP_ANALYSIS = YES;
				CLANG_WARN_STRICT_PROTOTYPES = YES;
				CLANG_WARN_SUSPICIOUS_MOVE = YES;
				CLANG_WARN_UNGUARDED_AVAILABILITY = YES_AGGRESSIVE;
				CLANG_WARN_UNREACHABLE_CODE = YES;
				CLANG_WARN__DUPLICATE_METHOD_MATCH = YES;
				COPY_PHASE_STRIP = NO;
				DEBUG_INFORMATION_FORMAT = "dwarf-with-dsym";
				ENABLE_NS_ASSERTIONS = NO;
				ENABLE_STRICT_OBJC_MSGSEND = YES;
				GCC_C_LANGUAGE_STANDARD = gnu11;
				GCC_NO_COMMON_BLOCKS = YES;
				GCC_WARN_64_TO_32_BIT_CONVERSION = YES;
				GCC_WARN_ABOUT_RETURN_TYPE = YES_ERROR;
				GCC_WARN_UNDECLARED_SELECTOR = YES;
				GCC_WARN_UNINITIALIZED_AUTOS = YES_AGGRESSIVE;
				GCC_WARN_UNUSED_FUNCTION = YES;
				GCC_WARN_UNUSED_VARIABLE = YES;
				IPHONEOS_DEPLOYMENT_TARGET = 14.4;
				MTL_ENABLE_DEBUG_INFO = NO;
				MTL_FAST_MATH = YES;
				SDKROOT = iphoneos;
				SWIFT_COMPILATION_MODE = wholemodule;
				SWIFT_OPTIMIZATION_LEVEL = "-O";
				VALIDATE_PRODUCT = YES;
			};
			name = Release;
		};
		111507C926AB110A004FD8FD /* Debug */ = {
			isa = XCBuildConfiguration;
			buildSettings = {
				ASSETCATALOG_COMPILER_APPICON_NAME = AppIcon;
				ASSETCATALOG_COMPILER_GLOBAL_ACCENT_COLOR_NAME = AccentColor;
				CODE_SIGN_STYLE = Automatic;
				DEVELOPMENT_TEAM = ZEE9WNMA6J;
				INFOPLIST_FILE = "$(SRCROOT)/SocialApp-ProgrammaticUI/Info.plist";
				LD_RUNPATH_SEARCH_PATHS = (
					"$(inherited)",
					"@executable_path/Frameworks",
				);
				PRODUCT_BUNDLE_IDENTIFIER = bretsko1;
				PRODUCT_NAME = "$(TARGET_NAME)";
				SWIFT_VERSION = 5.0;
				TARGETED_DEVICE_FAMILY = "1,2";
			};
			name = Debug;
		};
		111507CA26AB110A004FD8FD /* Release */ = {
			isa = XCBuildConfiguration;
			buildSettings = {
				ASSETCATALOG_COMPILER_APPICON_NAME = AppIcon;
				ASSETCATALOG_COMPILER_GLOBAL_ACCENT_COLOR_NAME = AccentColor;
				CODE_SIGN_STYLE = Automatic;
				DEVELOPMENT_TEAM = ZEE9WNMA6J;
				INFOPLIST_FILE = "$(SRCROOT)/SocialApp-ProgrammaticUI/Info.plist";
				LD_RUNPATH_SEARCH_PATHS = (
					"$(inherited)",
					"@executable_path/Frameworks",
				);
				PRODUCT_BUNDLE_IDENTIFIER = bretsko1;
				PRODUCT_NAME = "$(TARGET_NAME)";
				SWIFT_VERSION = 5.0;
				TARGETED_DEVICE_FAMILY = "1,2";
			};
			name = Release;
		};
/* End XCBuildConfiguration section */

/* Begin XCConfigurationList section */
		111507AF26AB1107004FD8FD /* Build configuration list for PBXProject "SocialApp-ProgrammaticUI" */ = {
			isa = XCConfigurationList;
			buildConfigurations = (
				111507C626AB110A004FD8FD /* Debug */,
				111507C726AB110A004FD8FD /* Release */,
			);
			defaultConfigurationIsVisible = 0;
			defaultConfigurationName = Release;
		};
		111507C826AB110A004FD8FD /* Build configuration list for PBXNativeTarget "SocialApp-ProgrammaticUI" */ = {
			isa = XCConfigurationList;
			buildConfigurations = (
				111507C926AB110A004FD8FD /* Debug */,
				111507CA26AB110A004FD8FD /* Release */,
			);
			defaultConfigurationIsVisible = 0;
			defaultConfigurationName = Release;
		};
/* End XCConfigurationList section */
	};
	rootObject = 111507AC26AB1107004FD8FD /* Project object */;
}
